# This file is autogenerated, do not edit; changes may be undone by the next 'dep ensure'.


[[projects]]
  digest = "1:a54dc69ec3668e0e57ad159a0a8c0ce1ec571174bb4eb6b3915833a8c21d40f3"
  name = "github.com/container-storage-interface/spec"
  packages = ["lib/go/csi/v0"]
  pruneopts = "UT"
  revision = "2178fdeea87f1150a17a63252eee28d4d8141f72"
  version = "v0.3.0"

[[projects]]
  branch = "master"
  digest = "1:61de135f4b8df007636577b431ab965672680ebf15ac6c3978f28a3f509a086e"
  name = "github.com/digitalocean/go-metadata"
  packages = ["."]
  pruneopts = "UT"
  revision = "15bd36e5f6f745f32074d0705a27aee05ae0a216"

[[projects]]
  digest = "1:986666250a191ffe32e1445e31fadc1517adbad218b7aa71a078ab81a3933def"
  name = "github.com/digitalocean/godo"
  packages = ["."]
  pruneopts = "UT"
  revision = "6a6ce62154ba780ecbb97bbbb13a4e9e0b157070"
  version = "v1.4.2"

[[projects]]
  digest = "1:4f506581876d380af43c2a3a424abd7c8f4431569165baa72208b456c4f5c106"
  name = "github.com/golang/protobuf"
  packages = [
    "proto",
    "ptypes",
    "ptypes/any",
    "ptypes/duration",
    "ptypes/timestamp",
    "ptypes/wrappers",
  ]
  pruneopts = "UT"
  revision = "b4deda0973fb4c70b50d226b1af49f3da59f5265"
  version = "v1.1.0"

[[projects]]
  branch = "master"
  digest = "1:a63cff6b5d8b95638bfe300385d93b2a6d9d687734b863da8e09dc834510a690"
  name = "github.com/google/go-querystring"
  packages = ["query"]
  pruneopts = "UT"
  revision = "53e6ce116135b80d037921a7fdd5138cf32d7a8a"

[[projects]]
  digest = "1:98a7f12e889d3edffb7edbd155d9802e4a41ebe5422f6cd407502d265069e8f5"
  name = "github.com/kubernetes-csi/csi-test"
  packages = [
    "pkg/sanity",
    "utils",
  ]
  pruneopts = "UT"
  revision = "d6869a2704bb7e603ab294a42fbb893c18b8e46e"
  version = "v0.3.0-2"

[[projects]]
  digest = "1:f4cbb10407f60c0263738e7b219b80ba99516aa9da187f44680d5b29360b3c9f"
  name = "github.com/onsi/ginkgo"
  packages = [
    ".",
    "config",
    "internal/codelocation",
    "internal/containernode",
    "internal/failer",
    "internal/leafnodes",
    "internal/remote",
    "internal/spec",
    "internal/spec_iterator",
    "internal/specrunner",
    "internal/suite",
    "internal/testingtproxy",
    "internal/writer",
    "reporters",
    "reporters/stenographer",
    "reporters/stenographer/support/go-colorable",
    "reporters/stenographer/support/go-isatty",
    "types",
  ]
  pruneopts = "UT"
  revision = "9eda700730cba42af70d53180f9dcce9266bc2bc"
  version = "v1.4.0"

[[projects]]
  digest = "1:038734db8a70cdd73d4215081b22236e2aed3e65ca0727f6afd0ed839630e738"
  name = "github.com/onsi/gomega"
  packages = [
    ".",
    "format",
    "internal/assertion",
    "internal/asyncassertion",
    "internal/oraclematcher",
    "internal/testingtsupport",
    "matchers",
    "matchers/support/goraph/bipartitegraph",
    "matchers/support/goraph/edge",
    "matchers/support/goraph/node",
    "matchers/support/goraph/util",
    "types",
  ]
  pruneopts = "UT"
  revision = "003f63b7f4cff3fc95357005358af2de0f5fe152"
  version = "v1.3.0"

[[projects]]
  digest = "1:9e9193aa51197513b3abcb108970d831fbcf40ef96aa845c4f03276e1fa316d2"
  name = "github.com/sirupsen/logrus"
  packages = ["."]
  pruneopts = "UT"
  revision = "c155da19408a8799da419ed3eeb0cb5db0ad5dbc"
  version = "v1.0.5"

[[projects]]
  branch = "master"
  digest = "1:595e123593925253dd02152777ddb8cd42300c4f61e783e163b053802547c47c"
  name = "github.com/tent/http-link-go"
  packages = ["."]
  pruneopts = "UT"
  revision = "ac974c61c2f990f4115b119354b5e0b47550e888"

[[projects]]
  branch = "master"
  digest = "1:3f3a05ae0b95893d90b9b3b5afdb79a9b3d96e4e36e099d841ae602e4aca0da8"
  name = "golang.org/x/crypto"
  packages = ["ssh/terminal"]
  pruneopts = "UT"
  revision = "d6449816ce06963d9d136eee5a56fca5b0616e7e"

[[projects]]
  branch = "master"
  digest = "1:bdbdf6a7bc15b01169c704a8362f3eb998f198bbfad65b653389004967fef795"
  name = "golang.org/x/net"
  packages = [
    "context",
    "context/ctxhttp",
    "html",
    "html/atom",
    "html/charset",
    "http2",
    "http2/hpack",
    "idna",
    "internal/timeseries",
    "lex/httplex",
    "trace",
  ]
  pruneopts = "UT"
  revision = "61147c48b25b599e5b561d2e9c4f3e1ef489ca41"

[[projects]]
  branch = "master"
  digest = "1:7cb06c9a523660f3c50c6f63f2e2c90052c359b046d2ef1152f2182169dbb720"
  name = "golang.org/x/oauth2"
  packages = [
    ".",
    "internal",
  ]
  pruneopts = "UT"
  revision = "921ae394b9430ed4fb549668d7b087601bd60a81"

[[projects]]
  branch = "master"
  digest = "1:4eb196f937ca6319f4095e0373b346aeeb4e3377e0200e7bb51daac0b5ec964c"
  name = "golang.org/x/sys"
  packages = [
    "unix",
    "windows",
  ]
  pruneopts = "UT"
  revision = "3b87a42e500a6dc65dae1a55d0b641295971163e"

[[projects]]
  digest = "1:436b24586f8fee329e0dd65fd67c817681420cda1d7f934345c13fe78c212a73"
  name = "golang.org/x/text"
  packages = [
    "collate",
    "collate/build",
    "encoding",
    "encoding/charmap",
    "encoding/htmlindex",
    "encoding/internal",
    "encoding/internal/identifier",
    "encoding/japanese",
    "encoding/korean",
    "encoding/simplifiedchinese",
    "encoding/traditionalchinese",
    "encoding/unicode",
    "internal/colltab",
    "internal/gen",
    "internal/tag",
    "internal/triegen",
    "internal/ucd",
    "internal/utf8internal",
    "language",
    "runes",
    "secure/bidirule",
    "transform",
    "unicode/bidi",
    "unicode/cldr",
    "unicode/norm",
    "unicode/rangetable",
  ]
  pruneopts = "UT"
  revision = "f21a4dfb5e38f5895301dc265a8def02365cc3d0"
  version = "v0.3.0"

[[projects]]
  digest = "1:9cf45e754ab2dff5f53a553e6948b994ff738e4d1092ca608dcada945d8be0ef"
  name = "google.golang.org/appengine"
  packages = [
    "internal",
    "internal/base",
    "internal/datastore",
    "internal/log",
    "internal/remote_api",
    "internal/urlfetch",
    "urlfetch",
  ]
  pruneopts = "UT"
  revision = "150dc57a1b433e64154302bdc40b6bb8aefa313a"
  version = "v1.0.0"

[[projects]]
  branch = "master"
  digest = "1:cd018653a358d4b743a9d3bee89e825521f2ab2f2ec0770164bf7632d8d73ab7"
  name = "google.golang.org/genproto"
  packages = ["googleapis/rpc/status"]
  pruneopts = "UT"
  revision = "51d0944304c3cbce4afe9e5247e21100037bff78"

[[projects]]
  digest = "1:f47fb9bd1a9173285be23a1a1342e019abddfd787216e7f2c555ddba837e98ce"
  name = "google.golang.org/grpc"
  packages = [
    ".",
    "balancer",
    "balancer/base",
    "balancer/roundrobin",
    "codes",
    "connectivity",
    "credentials",
    "encoding",
    "encoding/proto",
    "grpclb/grpc_lb_v1/messages",
    "grpclog",
    "internal",
    "keepalive",
    "metadata",
    "naming",
    "peer",
    "resolver",
    "resolver/dns",
    "resolver/passthrough",
    "stats",
    "status",
    "tap",
    "transport",
  ]
  pruneopts = "UT"
  revision = "d11072e7ca9811b1100b80ca0269ac831f06d024"
  version = "v1.11.3"

[[projects]]
  digest = "1:342378ac4dcb378a5448dd723f0784ae519383532f5e70ade24132c4c8693202"
  name = "gopkg.in/yaml.v2"
  packages = ["."]
  pruneopts = "UT"
  revision = "5420a8b6744d3b0345ab293f6fcba19c978f1183"
  version = "v2.2.1"

[solve-meta]
  analyzer-name = "dep"
  analyzer-version = 1
  input-imports = [
    "github.com/container-storage-interface/spec/lib/go/csi/v0",
    "github.com/digitalocean/go-metadata",
    "github.com/digitalocean/godo",
    "github.com/golang/protobuf/ptypes/wrappers",
    "github.com/kubernetes-csi/csi-test/pkg/sanity",
    "github.com/sirupsen/logrus",
    "golang.org/x/oauth2",
    "google.golang.org/grpc",
    "google.golang.org/grpc/codes",
    "google.golang.org/grpc/status",
  ]
  solver-name = "gps-cdcl"
  solver-version = 1
